
Microsoft Visual Studio Solution File, Format Version 12.00
# Visual Studio Version 17
VisualStudioVersion = 17.8.34316.72
MinimumVisualStudioVersion = 10.0.40219.1
Project("{2150E333-8FDC-42A3-9474-1A3956D46DE8}") = "Backend", "Backend", "{0D057F41-3EC8-4F14-84A9-399C567A13E2}"
EndProject
Project("{2150E333-8FDC-42A3-9474-1A3956D46DE8}") = "Frontend", "Frontend", "{D03C1437-63C4-4828-BC19-51B076E43E7D}"
EndProject
Project("{2150E333-8FDC-42A3-9474-1A3956D46DE8}") = "Shared", "Shared", "{00A84AE3-2E66-4893-A77D-17B7FD9B5E9D}"
EndProject
Project("{2150E333-8FDC-42A3-9474-1A3956D46DE8}") = "Core", "Core", "{EB7D0D42-0D99-4D23-A8FB-9291BB16AEA1}"
EndProject
Project("{9A19103F-16F7-4668-BE54-9A1E7A4F7556}") = "StaffRecords.Host", "StaffRecords.Host\StaffRecords.Host.csproj", "{CFA3DE9D-7774-4BE3-B632-9AA4DE8BDC31}"
EndProject
Project("{9A19103F-16F7-4668-BE54-9A1E7A4F7556}") = "StaffRecords.DataAcess", "StaffRecords.DataAcess\StaffRecords.DataAcess.csproj", "{B3211FA3-1638-4185-8EE0-86E48108B0CF}"
EndProject
Project("{9A19103F-16F7-4668-BE54-9A1E7A4F7556}") = "StraffRecords.Domain", "StraffRecords.Domain\StraffRecords.Domain.csproj", "{98A873AF-FA84-42A4-88F0-53DC5416175C}"
EndProject
Project("{2150E333-8FDC-42A3-9474-1A3956D46DE8}") = "Repositories", "Repositories", "{42FCF93D-92D7-43C7-BA1D-AFF996A2FC7D}"
EndProject
Project("{9A19103F-16F7-4668-BE54-9A1E7A4F7556}") = "StaffRecords.Repository.Contracts", "StaffRecords.Repository.Contracts\StaffRecords.Repository.Contracts.csproj", "{1A96FFCD-A12E-46A8-8F9C-1622C4FEDB6F}"
EndProject
Project("{9A19103F-16F7-4668-BE54-9A1E7A4F7556}") = "StaffRecords.Repository.Implementation", "StaffRecords.Repository.Implementation\StaffRecords.Repository.Implementation.csproj", "{A1954578-D05A-45AE-ACB8-1A2DB5E1A887}"
EndProject
Project("{2150E333-8FDC-42A3-9474-1A3956D46DE8}") = "Application", "Application", "{51D63E03-7C95-467B-9CCF-E3ECEA8C967A}"
EndProject
Project("{9A19103F-16F7-4668-BE54-9A1E7A4F7556}") = "StaffRecords.Handlers", "StaffRecords.Handlers\StaffRecords.Handlers.csproj", "{C47F8B14-C5B1-4AE1-AB44-5CD8E7E2A1C2}"
EndProject
Project("{9A19103F-16F7-4668-BE54-9A1E7A4F7556}") = "StaffRecords.Frontend.Shared", "StaffRecords.Frontend.Shared\StaffRecords.Frontend.Shared.csproj", "{6BCC18AA-85EB-48EC-890B-43A8A5041DEA}"
EndProject
Project("{9A19103F-16F7-4668-BE54-9A1E7A4F7556}") = "StaffRecords.WEB", "StaffRecords.WEB\StaffRecords.WEB.csproj", "{928081FD-4731-401A-8106-C7649AE381BA}"
EndProject
Project("{FAE04EC0-301F-11D3-BF4B-00C04F79EFBC}") = "StaffRecords.DA", "StaffRecords.DA\StaffRecords.DA.csproj", "{A9D00061-8816-44A2-B42F-BF9170567B1C}"
EndProject
Global
	GlobalSection(SolutionConfigurationPlatforms) = preSolution
		Debug|Any CPU = Debug|Any CPU
		Release|Any CPU = Release|Any CPU
	EndGlobalSection
	GlobalSection(ProjectConfigurationPlatforms) = postSolution
		{CFA3DE9D-7774-4BE3-B632-9AA4DE8BDC31}.Debug|Any CPU.ActiveCfg = Debug|Any CPU
		{CFA3DE9D-7774-4BE3-B632-9AA4DE8BDC31}.Debug|Any CPU.Build.0 = Debug|Any CPU
		{CFA3DE9D-7774-4BE3-B632-9AA4DE8BDC31}.Release|Any CPU.ActiveCfg = Release|Any CPU
		{CFA3DE9D-7774-4BE3-B632-9AA4DE8BDC31}.Release|Any CPU.Build.0 = Release|Any CPU
		{B3211FA3-1638-4185-8EE0-86E48108B0CF}.Debug|Any CPU.ActiveCfg = Debug|Any CPU
		{B3211FA3-1638-4185-8EE0-86E48108B0CF}.Debug|Any CPU.Build.0 = Debug|Any CPU
		{B3211FA3-1638-4185-8EE0-86E48108B0CF}.Release|Any CPU.ActiveCfg = Release|Any CPU
		{B3211FA3-1638-4185-8EE0-86E48108B0CF}.Release|Any CPU.Build.0 = Release|Any CPU
		{98A873AF-FA84-42A4-88F0-53DC5416175C}.Debug|Any CPU.ActiveCfg = Debug|Any CPU
		{98A873AF-FA84-42A4-88F0-53DC5416175C}.Debug|Any CPU.Build.0 = Debug|Any CPU
		{98A873AF-FA84-42A4-88F0-53DC5416175C}.Release|Any CPU.ActiveCfg = Release|Any CPU
		{98A873AF-FA84-42A4-88F0-53DC5416175C}.Release|Any CPU.Build.0 = Release|Any CPU
		{1A96FFCD-A12E-46A8-8F9C-1622C4FEDB6F}.Debug|Any CPU.ActiveCfg = Debug|Any CPU
		{1A96FFCD-A12E-46A8-8F9C-1622C4FEDB6F}.Debug|Any CPU.Build.0 = Debug|Any CPU
		{1A96FFCD-A12E-46A8-8F9C-1622C4FEDB6F}.Release|Any CPU.ActiveCfg = Release|Any CPU
		{1A96FFCD-A12E-46A8-8F9C-1622C4FEDB6F}.Release|Any CPU.Build.0 = Release|Any CPU
		{A1954578-D05A-45AE-ACB8-1A2DB5E1A887}.Debug|Any CPU.ActiveCfg = Debug|Any CPU
		{A1954578-D05A-45AE-ACB8-1A2DB5E1A887}.Debug|Any CPU.Build.0 = Debug|Any CPU
		{A1954578-D05A-45AE-ACB8-1A2DB5E1A887}.Release|Any CPU.ActiveCfg = Release|Any CPU
		{A1954578-D05A-45AE-ACB8-1A2DB5E1A887}.Release|Any CPU.Build.0 = Release|Any CPU
		{C47F8B14-C5B1-4AE1-AB44-5CD8E7E2A1C2}.Debug|Any CPU.ActiveCfg = Debug|Any CPU
		{C47F8B14-C5B1-4AE1-AB44-5CD8E7E2A1C2}.Debug|Any CPU.Build.0 = Debug|Any CPU
		{C47F8B14-C5B1-4AE1-AB44-5CD8E7E2A1C2}.Release|Any CPU.ActiveCfg = Release|Any CPU
		{C47F8B14-C5B1-4AE1-AB44-5CD8E7E2A1C2}.Release|Any CPU.Build.0 = Release|Any CPU
		{6BCC18AA-85EB-48EC-890B-43A8A5041DEA}.Debug|Any CPU.ActiveCfg = Debug|Any CPU
		{6BCC18AA-85EB-48EC-890B-43A8A5041DEA}.Debug|Any CPU.Build.0 = Debug|Any CPU
		{6BCC18AA-85EB-48EC-890B-43A8A5041DEA}.Release|Any CPU.ActiveCfg = Release|Any CPU
		{6BCC18AA-85EB-48EC-890B-43A8A5041DEA}.Release|Any CPU.Build.0 = Release|Any CPU
		{928081FD-4731-401A-8106-C7649AE381BA}.Debug|Any CPU.ActiveCfg = Debug|Any CPU
		{928081FD-4731-401A-8106-C7649AE381BA}.Debug|Any CPU.Build.0 = Debug|Any CPU
		{928081FD-4731-401A-8106-C7649AE381BA}.Release|Any CPU.ActiveCfg = Release|Any CPU
		{928081FD-4731-401A-8106-C7649AE381BA}.Release|Any CPU.Build.0 = Release|Any CPU
		{A9D00061-8816-44A2-B42F-BF9170567B1C}.Debug|Any CPU.ActiveCfg = Debug|Any CPU
		{A9D00061-8816-44A2-B42F-BF9170567B1C}.Debug|Any CPU.Build.0 = Debug|Any CPU
		{A9D00061-8816-44A2-B42F-BF9170567B1C}.Release|Any CPU.ActiveCfg = Release|Any CPU
		{A9D00061-8816-44A2-B42F-BF9170567B1C}.Release|Any CPU.Build.0 = Release|Any CPU
	EndGlobalSection
	GlobalSection(SolutionProperties) = preSolution
		HideSolutionNode = FALSE
	EndGlobalSection
	GlobalSection(NestedProjects) = preSolution
		{EB7D0D42-0D99-4D23-A8FB-9291BB16AEA1} = {0D057F41-3EC8-4F14-84A9-399C567A13E2}
		{CFA3DE9D-7774-4BE3-B632-9AA4DE8BDC31} = {0D057F41-3EC8-4F14-84A9-399C567A13E2}
		{B3211FA3-1638-4185-8EE0-86E48108B0CF} = {EB7D0D42-0D99-4D23-A8FB-9291BB16AEA1}
		{98A873AF-FA84-42A4-88F0-53DC5416175C} = {00A84AE3-2E66-4893-A77D-17B7FD9B5E9D}
		{42FCF93D-92D7-43C7-BA1D-AFF996A2FC7D} = {0D057F41-3EC8-4F14-84A9-399C567A13E2}
		{1A96FFCD-A12E-46A8-8F9C-1622C4FEDB6F} = {42FCF93D-92D7-43C7-BA1D-AFF996A2FC7D}
		{A1954578-D05A-45AE-ACB8-1A2DB5E1A887} = {42FCF93D-92D7-43C7-BA1D-AFF996A2FC7D}
		{51D63E03-7C95-467B-9CCF-E3ECEA8C967A} = {0D057F41-3EC8-4F14-84A9-399C567A13E2}
		{C47F8B14-C5B1-4AE1-AB44-5CD8E7E2A1C2} = {51D63E03-7C95-467B-9CCF-E3ECEA8C967A}
		{6BCC18AA-85EB-48EC-890B-43A8A5041DEA} = {D03C1437-63C4-4828-BC19-51B076E43E7D}
		{928081FD-4731-401A-8106-C7649AE381BA} = {D03C1437-63C4-4828-BC19-51B076E43E7D}
		{A9D00061-8816-44A2-B42F-BF9170567B1C} = {EB7D0D42-0D99-4D23-A8FB-9291BB16AEA1}
	EndGlobalSection
	GlobalSection(ExtensibilityGlobals) = postSolution
		SolutionGuid = {B587B926-51D9-476E-9D25-4EE7CD0611D8}
	EndGlobalSection
EndGlobal
